// !$*UTF8*$!
{
	archiveVersion = 1;
	classes = {
	};
	objectVersion = 46;
	objects = {

/* Begin PBXBuildFile section */
		E893A47F1E19A4DA0050638A /* MockSix.h in Headers */ = {isa = PBXBuildFile; fileRef = E893A47D1E19A4DA0050638A /* MockSix.h */; settings = {ATTRIBUTES = (Public, ); }; };
		E893A4871E19A5A20050638A /* MockSix.swift in Sources */ = {isa = PBXBuildFile; fileRef = E893A4851E19A5A20050638A /* MockSix.swift */; };
		E893A4881E19A5A20050638A /* MockSixInternal.swift in Sources */ = {isa = PBXBuildFile; fileRef = E893A4861E19A5A20050638A /* MockSixInternal.swift */; };
		E893A4A31E19AE350050638A /* MockSix.swift in Sources */ = {isa = PBXBuildFile; fileRef = E893A4851E19A5A20050638A /* MockSix.swift */; };
		E893A4A41E19AE360050638A /* MockSix.swift in Sources */ = {isa = PBXBuildFile; fileRef = E893A4851E19A5A20050638A /* MockSix.swift */; };
		E893A4A51E19AE390050638A /* MockSixInternal.swift in Sources */ = {isa = PBXBuildFile; fileRef = E893A4861E19A5A20050638A /* MockSixInternal.swift */; };
		E893A4A61E19AE390050638A /* MockSixInternal.swift in Sources */ = {isa = PBXBuildFile; fileRef = E893A4861E19A5A20050638A /* MockSixInternal.swift */; };
		E893A4A71E19AE450050638A /* MockSix.h in Headers */ = {isa = PBXBuildFile; fileRef = E893A47D1E19A4DA0050638A /* MockSix.h */; settings = {ATTRIBUTES = (Public, ); }; };
		E893A4A81E19AE460050638A /* MockSix.h in Headers */ = {isa = PBXBuildFile; fileRef = E893A47D1E19A4DA0050638A /* MockSix.h */; settings = {ATTRIBUTES = (Public, ); }; };
		E8B2BE1F1E1C4FAD0054760A /* MockSixTests.swift in Sources */ = {isa = PBXBuildFile; fileRef = E8B2BE1E1E1C4FAD0054760A /* MockSixTests.swift */; };
		E8B2BE211E1C4FAD0054760A /* MockSix.framework in Frameworks */ = {isa = PBXBuildFile; fileRef = E893A47A1E19A4DA0050638A /* MockSix.framework */; };
		E8B2BE301E1C50870054760A /* MockSix.framework in Frameworks */ = {isa = PBXBuildFile; fileRef = E893A48E1E19AD130050638A /* MockSix.framework */; };
		E8B2BE3F1E1C509A0054760A /* MockSix.framework in Frameworks */ = {isa = PBXBuildFile; fileRef = E893A49B1E19ADBB0050638A /* MockSix.framework */; };
		E8B2BE451E1C50C90054760A /* MockSixTests.swift in Sources */ = {isa = PBXBuildFile; fileRef = E8B2BE1E1E1C4FAD0054760A /* MockSixTests.swift */; };
		E8B2BE461E1C50CA0054760A /* MockSixTests.swift in Sources */ = {isa = PBXBuildFile; fileRef = E8B2BE1E1E1C4FAD0054760A /* MockSixTests.swift */; };
		E8B2BE551E1C51B60054760A /* Quick.framework in Frameworks */ = {isa = PBXBuildFile; fileRef = E8B2BE511E1C51A20054760A /* Quick.framework */; };
		E8B2BE561E1C51B60054760A /* Nimble.framework in Frameworks */ = {isa = PBXBuildFile; fileRef = E8B2BE521E1C51A20054760A /* Nimble.framework */; };
		E8B2BE571E1C51BB0054760A /* Quick.framework in Frameworks */ = {isa = PBXBuildFile; fileRef = E8B2BE4B1E1C51820054760A /* Quick.framework */; };
		E8B2BE581E1C51BB0054760A /* Nimble.framework in Frameworks */ = {isa = PBXBuildFile; fileRef = E8B2BE4C1E1C51820054760A /* Nimble.framework */; };
		E8B2BE591E1C51C10054760A /* Quick.framework in Frameworks */ = {isa = PBXBuildFile; fileRef = E8B2BE471E1C516D0054760A /* Quick.framework */; };
		E8B2BE5A1E1C51C10054760A /* Nimble.framework in Frameworks */ = {isa = PBXBuildFile; fileRef = E8B2BE481E1C516D0054760A /* Nimble.framework */; };
		E8B2BE5C1E1C56A50054760A /* Quick.framework in CopyFiles */ = {isa = PBXBuildFile; fileRef = E8B2BE471E1C516D0054760A /* Quick.framework */; };
		E8B2BE5D1E1C56A50054760A /* Nimble.framework in CopyFiles */ = {isa = PBXBuildFile; fileRef = E8B2BE481E1C516D0054760A /* Nimble.framework */; };
		E8B2BE5F1E1C56C40054760A /* Quick.framework in CopyFiles */ = {isa = PBXBuildFile; fileRef = E8B2BE4B1E1C51820054760A /* Quick.framework */; };
		E8B2BE601E1C56C40054760A /* Nimble.framework in CopyFiles */ = {isa = PBXBuildFile; fileRef = E8B2BE4C1E1C51820054760A /* Nimble.framework */; };
		E8B2BE621E1C56D30054760A /* Quick.framework in CopyFiles */ = {isa = PBXBuildFile; fileRef = E8B2BE511E1C51A20054760A /* Quick.framework */; };
		E8B2BE631E1C56D30054760A /* Nimble.framework in CopyFiles */ = {isa = PBXBuildFile; fileRef = E8B2BE521E1C51A20054760A /* Nimble.framework */; };
/* End PBXBuildFile section */

/* Begin PBXContainerItemProxy section */
		E8B2BE221E1C4FAD0054760A /* PBXContainerItemProxy */ = {
			isa = PBXContainerItemProxy;
			containerPortal = E893A4711E19A4DA0050638A /* Project object */;
			proxyType = 1;
			remoteGlobalIDString = E893A4791E19A4DA0050638A;
			remoteInfo = "MockSix-macOS";
		};
		E8B2BE311E1C50870054760A /* PBXContainerItemProxy */ = {
			isa = PBXContainerItemProxy;
			containerPortal = E893A4711E19A4DA0050638A /* Project object */;
			proxyType = 1;
			remoteGlobalIDString = E893A48D1E19AD130050638A;
			remoteInfo = "MockSix-iOS";
		};
		E8B2BE401E1C509A0054760A /* PBXContainerItemProxy */ = {
			isa = PBXContainerItemProxy;
			containerPortal = E893A4711E19A4DA0050638A /* Project object */;
			proxyType = 1;
			remoteGlobalIDString = E893A49A1E19ADBB0050638A;
			remoteInfo = "MockSix-tvOS";
		};
/* End PBXContainerItemProxy section */

/* Begin PBXCopyFilesBuildPhase section */
		E8B2BE5B1E1C56960054760A /* CopyFiles */ = {
			isa = PBXCopyFilesBuildPhase;
			buildActionMask = 2147483647;
			dstPath = "";
			dstSubfolderSpec = 16;
			files = (
				E8B2BE5C1E1C56A50054760A /* Quick.framework in CopyFiles */,
				E8B2BE5D1E1C56A50054760A /* Nimble.framework in CopyFiles */,
			);
			runOnlyForDeploymentPostprocessing = 0;
		};
		E8B2BE5E1E1C56B90054760A /* CopyFiles */ = {
			isa = PBXCopyFilesBuildPhase;
			buildActionMask = 2147483647;
			dstPath = "";
			dstSubfolderSpec = 16;
			files = (
				E8B2BE5F1E1C56C40054760A /* Quick.framework in CopyFiles */,
				E8B2BE601E1C56C40054760A /* Nimble.framework in CopyFiles */,
			);
			runOnlyForDeploymentPostprocessing = 0;
		};
		E8B2BE611E1C56CB0054760A /* CopyFiles */ = {
			isa = PBXCopyFilesBuildPhase;
			buildActionMask = 2147483647;
			dstPath = "";
			dstSubfolderSpec = 16;
			files = (
				E8B2BE621E1C56D30054760A /* Quick.framework in CopyFiles */,
				E8B2BE631E1C56D30054760A /* Nimble.framework in CopyFiles */,
			);
			runOnlyForDeploymentPostprocessing = 0;
		};
/* End PBXCopyFilesBuildPhase section */

/* Begin PBXFileReference section */
		E8055C671E19B4B2007E5EB5 /* LICENSE.txt */ = {isa = PBXFileReference; lastKnownFileType = text; path = LICENSE.txt; sourceTree = "<group>"; };
		E893A47A1E19A4DA0050638A /* MockSix.framework */ = {isa = PBXFileReference; explicitFileType = wrapper.framework; includeInIndex = 0; path = MockSix.framework; sourceTree = BUILT_PRODUCTS_DIR; };
		E893A47D1E19A4DA0050638A /* MockSix.h */ = {isa = PBXFileReference; lastKnownFileType = sourcecode.c.h; path = MockSix.h; sourceTree = "<group>"; };
		E893A47E1E19A4DA0050638A /* Info.plist */ = {isa = PBXFileReference; lastKnownFileType = text.plist.xml; path = Info.plist; sourceTree = "<group>"; };
		E893A4851E19A5A20050638A /* MockSix.swift */ = {isa = PBXFileReference; fileEncoding = 4; lastKnownFileType = sourcecode.swift; path = MockSix.swift; sourceTree = "<group>"; };
		E893A4861E19A5A20050638A /* MockSixInternal.swift */ = {isa = PBXFileReference; fileEncoding = 4; lastKnownFileType = sourcecode.swift; path = MockSixInternal.swift; sourceTree = "<group>"; };
		E893A48E1E19AD130050638A /* MockSix.framework */ = {isa = PBXFileReference; explicitFileType = wrapper.framework; includeInIndex = 0; path = MockSix.framework; sourceTree = BUILT_PRODUCTS_DIR; };
		E893A49B1E19ADBB0050638A /* MockSix.framework */ = {isa = PBXFileReference; explicitFileType = wrapper.framework; includeInIndex = 0; path = MockSix.framework; sourceTree = BUILT_PRODUCTS_DIR; };
		E8B2BE1C1E1C4FAC0054760A /* MockSixTests-macOS.xctest */ = {isa = PBXFileReference; explicitFileType = wrapper.cfbundle; includeInIndex = 0; path = "MockSixTests-macOS.xctest"; sourceTree = BUILT_PRODUCTS_DIR; };
		E8B2BE1E1E1C4FAD0054760A /* MockSixTests.swift */ = {isa = PBXFileReference; lastKnownFileType = sourcecode.swift; path = MockSixTests.swift; sourceTree = "<group>"; };
		E8B2BE201E1C4FAD0054760A /* Info.plist */ = {isa = PBXFileReference; lastKnownFileType = text.plist.xml; path = Info.plist; sourceTree = "<group>"; };
		E8B2BE2B1E1C50870054760A /* MockSixTests-iOS.xctest */ = {isa = PBXFileReference; explicitFileType = wrapper.cfbundle; includeInIndex = 0; path = "MockSixTests-iOS.xctest"; sourceTree = BUILT_PRODUCTS_DIR; };
		E8B2BE3A1E1C509A0054760A /* MockSixTests-tvOS.xctest */ = {isa = PBXFileReference; explicitFileType = wrapper.cfbundle; includeInIndex = 0; path = "MockSixTests-tvOS.xctest"; sourceTree = BUILT_PRODUCTS_DIR; };
		E8B2BE471E1C516D0054760A /* Quick.framework */ = {isa = PBXFileReference; lastKnownFileType = wrapper.framework; name = Quick.framework; path = Carthage/Build/Mac/Quick.framework; sourceTree = "<group>"; };
		E8B2BE481E1C516D0054760A /* Nimble.framework */ = {isa = PBXFileReference; lastKnownFileType = wrapper.framework; name = Nimble.framework; path = Carthage/Build/Mac/Nimble.framework; sourceTree = "<group>"; };
		E8B2BE4B1E1C51820054760A /* Quick.framework */ = {isa = PBXFileReference; lastKnownFileType = wrapper.framework; name = Quick.framework; path = Carthage/Build/iOS/Quick.framework; sourceTree = "<group>"; };
		E8B2BE4C1E1C51820054760A /* Nimble.framework */ = {isa = PBXFileReference; lastKnownFileType = wrapper.framework; name = Nimble.framework; path = Carthage/Build/iOS/Nimble.framework; sourceTree = "<group>"; };
		E8B2BE511E1C51A20054760A /* Quick.framework */ = {isa = PBXFileReference; lastKnownFileType = wrapper.framework; name = Quick.framework; path = Carthage/Build/tvOS/Quick.framework; sourceTree = "<group>"; };
		E8B2BE521E1C51A20054760A /* Nimble.framework */ = {isa = PBXFileReference; lastKnownFileType = wrapper.framework; name = Nimble.framework; path = Carthage/Build/tvOS/Nimble.framework; sourceTree = "<group>"; };
/* End PBXFileReference section */

/* Begin PBXFrameworksBuildPhase section */
		E893A4761E19A4DA0050638A /* Frameworks */ = {
			isa = PBXFrameworksBuildPhase;
			buildActionMask = 2147483647;
			files = (
			);
			runOnlyForDeploymentPostprocessing = 0;
		};
		E893A48A1E19AD130050638A /* Frameworks */ = {
			isa = PBXFrameworksBuildPhase;
			buildActionMask = 2147483647;
			files = (
			);
			runOnlyForDeploymentPostprocessing = 0;
		};
		E893A4971E19ADBB0050638A /* Frameworks */ = {
			isa = PBXFrameworksBuildPhase;
			buildActionMask = 2147483647;
			files = (
			);
			runOnlyForDeploymentPostprocessing = 0;
		};
		E8B2BE191E1C4FAC0054760A /* Frameworks */ = {
			isa = PBXFrameworksBuildPhase;
			buildActionMask = 2147483647;
			files = (
				E8B2BE5A1E1C51C10054760A /* Nimble.framework in Frameworks */,
				E8B2BE591E1C51C10054760A /* Quick.framework in Frameworks */,
				E8B2BE211E1C4FAD0054760A /* MockSix.framework in Frameworks */,
			);
			runOnlyForDeploymentPostprocessing = 0;
		};
		E8B2BE281E1C50870054760A /* Frameworks */ = {
			isa = PBXFrameworksBuildPhase;
			buildActionMask = 2147483647;
			files = (
				E8B2BE581E1C51BB0054760A /* Nimble.framework in Frameworks */,
				E8B2BE571E1C51BB0054760A /* Quick.framework in Frameworks */,
				E8B2BE301E1C50870054760A /* MockSix.framework in Frameworks */,
			);
			runOnlyForDeploymentPostprocessing = 0;
		};
		E8B2BE371E1C509A0054760A /* Frameworks */ = {
			isa = PBXFrameworksBuildPhase;
			buildActionMask = 2147483647;
			files = (
				E8B2BE561E1C51B60054760A /* Nimble.framework in Frameworks */,
				E8B2BE551E1C51B60054760A /* Quick.framework in Frameworks */,
				E8B2BE3F1E1C509A0054760A /* MockSix.framework in Frameworks */,
			);
			runOnlyForDeploymentPostprocessing = 0;
		};
/* End PBXFrameworksBuildPhase section */

/* Begin PBXGroup section */
		E893A4701E19A4DA0050638A = {
			isa = PBXGroup;
			children = (
				E8B2BE511E1C51A20054760A /* Quick.framework */,
				E8B2BE521E1C51A20054760A /* Nimble.framework */,
				E8B2BE4B1E1C51820054760A /* Quick.framework */,
				E8B2BE4C1E1C51820054760A /* Nimble.framework */,
				E8B2BE471E1C516D0054760A /* Quick.framework */,
				E8B2BE481E1C516D0054760A /* Nimble.framework */,
				E8055C671E19B4B2007E5EB5 /* LICENSE.txt */,
				E893A47C1E19A4DA0050638A /* MockSix */,
				E8B2BE1D1E1C4FAD0054760A /* MockSixTests */,
				E893A47B1E19A4DA0050638A /* Products */,
			);
			sourceTree = "<group>";
		};
		E893A47B1E19A4DA0050638A /* Products */ = {
			isa = PBXGroup;
			children = (
				E893A47A1E19A4DA0050638A /* MockSix.framework */,
				E893A48E1E19AD130050638A /* MockSix.framework */,
				E893A49B1E19ADBB0050638A /* MockSix.framework */,
				E8B2BE1C1E1C4FAC0054760A /* MockSixTests-macOS.xctest */,
				E8B2BE2B1E1C50870054760A /* MockSixTests-iOS.xctest */,
				E8B2BE3A1E1C509A0054760A /* MockSixTests-tvOS.xctest */,
			);
			name = Products;
			sourceTree = "<group>";
		};
		E893A47C1E19A4DA0050638A /* MockSix */ = {
			isa = PBXGroup;
			children = (
				E893A47D1E19A4DA0050638A /* MockSix.h */,
				E893A4851E19A5A20050638A /* MockSix.swift */,
				E893A4861E19A5A20050638A /* MockSixInternal.swift */,
				E893A47E1E19A4DA0050638A /* Info.plist */,
			);
			path = MockSix;
			sourceTree = "<group>";
		};
		E8B2BE1D1E1C4FAD0054760A /* MockSixTests */ = {
			isa = PBXGroup;
			children = (
				E8B2BE1E1E1C4FAD0054760A /* MockSixTests.swift */,
				E8B2BE201E1C4FAD0054760A /* Info.plist */,
			);
			path = MockSixTests;
			sourceTree = "<group>";
		};
/* End PBXGroup section */

/* Begin PBXHeadersBuildPhase section */
		E893A4771E19A4DA0050638A /* Headers */ = {
			isa = PBXHeadersBuildPhase;
			buildActionMask = 2147483647;
			files = (
				E893A47F1E19A4DA0050638A /* MockSix.h in Headers */,
			);
			runOnlyForDeploymentPostprocessing = 0;
		};
		E893A48B1E19AD130050638A /* Headers */ = {
			isa = PBXHeadersBuildPhase;
			buildActionMask = 2147483647;
			files = (
				E893A4A71E19AE450050638A /* MockSix.h in Headers */,
			);
			runOnlyForDeploymentPostprocessing = 0;
		};
		E893A4981E19ADBB0050638A /* Headers */ = {
			isa = PBXHeadersBuildPhase;
			buildActionMask = 2147483647;
			files = (
				E893A4A81E19AE460050638A /* MockSix.h in Headers */,
			);
			runOnlyForDeploymentPostprocessing = 0;
		};
/* End PBXHeadersBuildPhase section */

/* Begin PBXNativeTarget section */
		E893A4791E19A4DA0050638A /* MockSix-macOS */ = {
			isa = PBXNativeTarget;
			buildConfigurationList = E893A4821E19A4DA0050638A /* Build configuration list for PBXNativeTarget "MockSix-macOS" */;
			buildPhases = (
				E893A4751E19A4DA0050638A /* Sources */,
				E893A4761E19A4DA0050638A /* Frameworks */,
				E893A4771E19A4DA0050638A /* Headers */,
				E893A4781E19A4DA0050638A /* Resources */,
			);
			buildRules = (
			);
			dependencies = (
			);
			name = "MockSix-macOS";
			productName = MockSix;
			productReference = E893A47A1E19A4DA0050638A /* MockSix.framework */;
			productType = "com.apple.product-type.framework";
		};
		E893A48D1E19AD130050638A /* MockSix-iOS */ = {
			isa = PBXNativeTarget;
			buildConfigurationList = E893A4931E19AD130050638A /* Build configuration list for PBXNativeTarget "MockSix-iOS" */;
			buildPhases = (
				E893A4891E19AD130050638A /* Sources */,
				E893A48A1E19AD130050638A /* Frameworks */,
				E893A48B1E19AD130050638A /* Headers */,
				E893A48C1E19AD130050638A /* Resources */,
			);
			buildRules = (
			);
			dependencies = (
			);
			name = "MockSix-iOS";
			productName = MockSix;
			productReference = E893A48E1E19AD130050638A /* MockSix.framework */;
			productType = "com.apple.product-type.framework";
		};
		E893A49A1E19ADBB0050638A /* MockSix-tvOS */ = {
			isa = PBXNativeTarget;
			buildConfigurationList = E893A4A01E19ADBB0050638A /* Build configuration list for PBXNativeTarget "MockSix-tvOS" */;
			buildPhases = (
				E893A4961E19ADBB0050638A /* Sources */,
				E893A4971E19ADBB0050638A /* Frameworks */,
				E893A4981E19ADBB0050638A /* Headers */,
				E893A4991E19ADBB0050638A /* Resources */,
			);
			buildRules = (
			);
			dependencies = (
			);
			name = "MockSix-tvOS";
			productName = MockSix;
			productReference = E893A49B1E19ADBB0050638A /* MockSix.framework */;
			productType = "com.apple.product-type.framework";
		};
		E8B2BE1B1E1C4FAC0054760A /* MockSixTests-macOS */ = {
			isa = PBXNativeTarget;
			buildConfigurationList = E8B2BE261E1C4FAD0054760A /* Build configuration list for PBXNativeTarget "MockSixTests-macOS" */;
			buildPhases = (
				E8B2BE181E1C4FAC0054760A /* Sources */,
				E8B2BE191E1C4FAC0054760A /* Frameworks */,
				E8B2BE1A1E1C4FAC0054760A /* Resources */,
				E8B2BE5B1E1C56960054760A /* CopyFiles */,
			);
			buildRules = (
			);
			dependencies = (
				E8B2BE231E1C4FAD0054760A /* PBXTargetDependency */,
			);
			name = "MockSixTests-macOS";
			productName = MockSixTests;
			productReference = E8B2BE1C1E1C4FAC0054760A /* MockSixTests-macOS.xctest */;
			productType = "com.apple.product-type.bundle.unit-test";
		};
		E8B2BE2A1E1C50870054760A /* MockSixTests-iOS */ = {
			isa = PBXNativeTarget;
			buildConfigurationList = E8B2BE331E1C50870054760A /* Build configuration list for PBXNativeTarget "MockSixTests-iOS" */;
			buildPhases = (
				E8B2BE271E1C50870054760A /* Sources */,
				E8B2BE281E1C50870054760A /* Frameworks */,
				E8B2BE291E1C50870054760A /* Resources */,
				E8B2BE5E1E1C56B90054760A /* CopyFiles */,
			);
			buildRules = (
			);
			dependencies = (
				E8B2BE321E1C50870054760A /* PBXTargetDependency */,
			);
			name = "MockSixTests-iOS";
			productName = "MockSixTests-iOS";
			productReference = E8B2BE2B1E1C50870054760A /* MockSixTests-iOS.xctest */;
			productType = "com.apple.product-type.bundle.unit-test";
		};
		E8B2BE391E1C509A0054760A /* MockSixTests-tvOS */ = {
			isa = PBXNativeTarget;
			buildConfigurationList = E8B2BE421E1C509A0054760A /* Build configuration list for PBXNativeTarget "MockSixTests-tvOS" */;
			buildPhases = (
				E8B2BE361E1C509A0054760A /* Sources */,
				E8B2BE371E1C509A0054760A /* Frameworks */,
				E8B2BE381E1C509A0054760A /* Resources */,
				E8B2BE611E1C56CB0054760A /* CopyFiles */,
			);
			buildRules = (
			);
			dependencies = (
				E8B2BE411E1C509A0054760A /* PBXTargetDependency */,
			);
			name = "MockSixTests-tvOS";
			productName = "MockSixTests-tvOS";
			productReference = E8B2BE3A1E1C509A0054760A /* MockSixTests-tvOS.xctest */;
			productType = "com.apple.product-type.bundle.unit-test";
		};
/* End PBXNativeTarget section */

/* Begin PBXProject section */
		E893A4711E19A4DA0050638A /* Project object */ = {
			isa = PBXProject;
			attributes = {
				LastSwiftUpdateCheck = 0820;
				LastUpgradeCheck = 0820;
				ORGANIZATIONNAME = "Tamas Lustyik";
				TargetAttributes = {
					E893A4791E19A4DA0050638A = {
						CreatedOnToolsVersion = 8.2.1;
						LastSwiftMigration = 0820;
						ProvisioningStyle = Automatic;
					};
					E893A48D1E19AD130050638A = {
						CreatedOnToolsVersion = 8.2.1;
						ProvisioningStyle = Automatic;
					};
					E893A49A1E19ADBB0050638A = {
						CreatedOnToolsVersion = 8.2.1;
						ProvisioningStyle = Automatic;
					};
					E8B2BE1B1E1C4FAC0054760A = {
						CreatedOnToolsVersion = 8.2.1;
						ProvisioningStyle = Automatic;
					};
					E8B2BE2A1E1C50870054760A = {
						CreatedOnToolsVersion = 8.2.1;
						ProvisioningStyle = Automatic;
					};
					E8B2BE391E1C509A0054760A = {
						CreatedOnToolsVersion = 8.2.1;
						ProvisioningStyle = Automatic;
					};
				};
			};
			buildConfigurationList = E893A4741E19A4DA0050638A /* Build configuration list for PBXProject "MockSix" */;
			compatibilityVersion = "Xcode 3.2";
			developmentRegion = English;
			hasScannedForEncodings = 0;
			knownRegions = (
				en,
			);
			mainGroup = E893A4701E19A4DA0050638A;
			productRefGroup = E893A47B1E19A4DA0050638A /* Products */;
			projectDirPath = "";
			projectRoot = "";
			targets = (
				E893A4791E19A4DA0050638A /* MockSix-macOS */,
				E893A48D1E19AD130050638A /* MockSix-iOS */,
				E893A49A1E19ADBB0050638A /* MockSix-tvOS */,
				E8B2BE1B1E1C4FAC0054760A /* MockSixTests-macOS */,
				E8B2BE2A1E1C50870054760A /* MockSixTests-iOS */,
				E8B2BE391E1C509A0054760A /* MockSixTests-tvOS */,
			);
		};
/* End PBXProject section */

/* Begin PBXResourcesBuildPhase section */
		E893A4781E19A4DA0050638A /* Resources */ = {
			isa = PBXResourcesBuildPhase;
			buildActionMask = 2147483647;
			files = (
			);
			runOnlyForDeploymentPostprocessing = 0;
		};
		E893A48C1E19AD130050638A /* Resources */ = {
			isa = PBXResourcesBuildPhase;
			buildActionMask = 2147483647;
			files = (
			);
			runOnlyForDeploymentPostprocessing = 0;
		};
		E893A4991E19ADBB0050638A /* Resources */ = {
			isa = PBXResourcesBuildPhase;
			buildActionMask = 2147483647;
			files = (
			);
			runOnlyForDeploymentPostprocessing = 0;
		};
		E8B2BE1A1E1C4FAC0054760A /* Resources */ = {
			isa = PBXResourcesBuildPhase;
			buildActionMask = 2147483647;
			files = (
			);
			runOnlyForDeploymentPostprocessing = 0;
		};
		E8B2BE291E1C50870054760A /* Resources */ = {
			isa = PBXResourcesBuildPhase;
			buildActionMask = 2147483647;
			files = (
			);
			runOnlyForDeploymentPostprocessing = 0;
		};
		E8B2BE381E1C509A0054760A /* Resources */ = {
			isa = PBXResourcesBuildPhase;
			buildActionMask = 2147483647;
			files = (
			);
			runOnlyForDeploymentPostprocessing = 0;
		};
/* End PBXResourcesBuildPhase section */

/* Begin PBXSourcesBuildPhase section */
		E893A4751E19A4DA0050638A /* Sources */ = {
			isa = PBXSourcesBuildPhase;
			buildActionMask = 2147483647;
			files = (
				E893A4871E19A5A20050638A /* MockSix.swift in Sources */,
				E893A4881E19A5A20050638A /* MockSixInternal.swift in Sources */,
			);
			runOnlyForDeploymentPostprocessing = 0;
		};
		E893A4891E19AD130050638A /* Sources */ = {
			isa = PBXSourcesBuildPhase;
			buildActionMask = 2147483647;
			files = (
				E893A4A31E19AE350050638A /* MockSix.swift in Sources */,
				E893A4A51E19AE390050638A /* MockSixInternal.swift in Sources */,
			);
			runOnlyForDeploymentPostprocessing = 0;
		};
		E893A4961E19ADBB0050638A /* Sources */ = {
			isa = PBXSourcesBuildPhase;
			buildActionMask = 2147483647;
			files = (
				E893A4A41E19AE360050638A /* MockSix.swift in Sources */,
				E893A4A61E19AE390050638A /* MockSixInternal.swift in Sources */,
			);
			runOnlyForDeploymentPostprocessing = 0;
		};
		E8B2BE181E1C4FAC0054760A /* Sources */ = {
			isa = PBXSourcesBuildPhase;
			buildActionMask = 2147483647;
			files = (
				E8B2BE1F1E1C4FAD0054760A /* MockSixTests.swift in Sources */,
			);
			runOnlyForDeploymentPostprocessing = 0;
		};
		E8B2BE271E1C50870054760A /* Sources */ = {
			isa = PBXSourcesBuildPhase;
			buildActionMask = 2147483647;
			files = (
				E8B2BE451E1C50C90054760A /* MockSixTests.swift in Sources */,
			);
			runOnlyForDeploymentPostprocessing = 0;
		};
		E8B2BE361E1C509A0054760A /* Sources */ = {
			isa = PBXSourcesBuildPhase;
			buildActionMask = 2147483647;
			files = (
				E8B2BE461E1C50CA0054760A /* MockSixTests.swift in Sources */,
			);
			runOnlyForDeploymentPostprocessing = 0;
		};
/* End PBXSourcesBuildPhase section */

/* Begin PBXTargetDependency section */
		E8B2BE231E1C4FAD0054760A /* PBXTargetDependency */ = {
			isa = PBXTargetDependency;
			target = E893A4791E19A4DA0050638A /* MockSix-macOS */;
			targetProxy = E8B2BE221E1C4FAD0054760A /* PBXContainerItemProxy */;
		};
		E8B2BE321E1C50870054760A /* PBXTargetDependency */ = {
			isa = PBXTargetDependency;
			target = E893A48D1E19AD130050638A /* MockSix-iOS */;
			targetProxy = E8B2BE311E1C50870054760A /* PBXContainerItemProxy */;
		};
		E8B2BE411E1C509A0054760A /* PBXTargetDependency */ = {
			isa = PBXTargetDependency;
			target = E893A49A1E19ADBB0050638A /* MockSix-tvOS */;
			targetProxy = E8B2BE401E1C509A0054760A /* PBXContainerItemProxy */;
		};
/* End PBXTargetDependency section */

/* Begin XCBuildConfiguration section */
		E893A4801E19A4DA0050638A /* Debug */ = {
			isa = XCBuildConfiguration;
			buildSettings = {
				ALWAYS_SEARCH_USER_PATHS = NO;
				CLANG_ANALYZER_NONNULL = YES;
				CLANG_CXX_LANGUAGE_STANDARD = "gnu++0x";
				CLANG_CXX_LIBRARY = "libc++";
				CLANG_ENABLE_MODULES = YES;
				CLANG_ENABLE_OBJC_ARC = YES;
				CLANG_WARN_BOOL_CONVERSION = YES;
				CLANG_WARN_CONSTANT_CONVERSION = YES;
				CLANG_WARN_DIRECT_OBJC_ISA_USAGE = YES_ERROR;
				CLANG_WARN_DOCUMENTATION_COMMENTS = YES;
				CLANG_WARN_EMPTY_BODY = YES;
				CLANG_WARN_ENUM_CONVERSION = YES;
				CLANG_WARN_INFINITE_RECURSION = YES;
				CLANG_WARN_INT_CONVERSION = YES;
				CLANG_WARN_OBJC_ROOT_CLASS = YES_ERROR;
				CLANG_WARN_SUSPICIOUS_MOVE = YES;
				CLANG_WARN_UNREACHABLE_CODE = YES;
				CLANG_WARN__DUPLICATE_METHOD_MATCH = YES;
				CODE_SIGN_IDENTITY = "-";
				COPY_PHASE_STRIP = NO;
				CURRENT_PROJECT_VERSION = 1;
				DEBUG_INFORMATION_FORMAT = dwarf;
				ENABLE_STRICT_OBJC_MSGSEND = YES;
				ENABLE_TESTABILITY = YES;
				GCC_C_LANGUAGE_STANDARD = gnu99;
				GCC_DYNAMIC_NO_PIC = NO;
				GCC_NO_COMMON_BLOCKS = YES;
				GCC_OPTIMIZATION_LEVEL = 0;
				GCC_PREPROCESSOR_DEFINITIONS = (
					"DEBUG=1",
					"$(inherited)",
				);
				GCC_WARN_64_TO_32_BIT_CONVERSION = YES;
				GCC_WARN_ABOUT_RETURN_TYPE = YES_ERROR;
				GCC_WARN_UNDECLARED_SELECTOR = YES;
				GCC_WARN_UNINITIALIZED_AUTOS = YES_AGGRESSIVE;
				GCC_WARN_UNUSED_FUNCTION = YES;
				GCC_WARN_UNUSED_VARIABLE = YES;
				MACOSX_DEPLOYMENT_TARGET = 10.12;
				MTL_ENABLE_DEBUG_INFO = YES;
				ONLY_ACTIVE_ARCH = YES;
				SDKROOT = macosx;
				SWIFT_ACTIVE_COMPILATION_CONDITIONS = DEBUG;
				SWIFT_OPTIMIZATION_LEVEL = "-Onone";
				VERSIONING_SYSTEM = "apple-generic";
				VERSION_INFO_PREFIX = "";
			};
			name = Debug;
		};
		E893A4811E19A4DA0050638A /* Release */ = {
			isa = XCBuildConfiguration;
			buildSettings = {
				ALWAYS_SEARCH_USER_PATHS = NO;
				CLANG_ANALYZER_NONNULL = YES;
				CLANG_CXX_LANGUAGE_STANDARD = "gnu++0x";
				CLANG_CXX_LIBRARY = "libc++";
				CLANG_ENABLE_MODULES = YES;
				CLANG_ENABLE_OBJC_ARC = YES;
				CLANG_WARN_BOOL_CONVERSION = YES;
				CLANG_WARN_CONSTANT_CONVERSION = YES;
				CLANG_WARN_DIRECT_OBJC_ISA_USAGE = YES_ERROR;
				CLANG_WARN_DOCUMENTATION_COMMENTS = YES;
				CLANG_WARN_EMPTY_BODY = YES;
				CLANG_WARN_ENUM_CONVERSION = YES;
				CLANG_WARN_INFINITE_RECURSION = YES;
				CLANG_WARN_INT_CONVERSION = YES;
				CLANG_WARN_OBJC_ROOT_CLASS = YES_ERROR;
				CLANG_WARN_SUSPICIOUS_MOVE = YES;
				CLANG_WARN_UNREACHABLE_CODE = YES;
				CLANG_WARN__DUPLICATE_METHOD_MATCH = YES;
				CODE_SIGN_IDENTITY = "-";
				COPY_PHASE_STRIP = NO;
				CURRENT_PROJECT_VERSION = 1;
				DEBUG_INFORMATION_FORMAT = "dwarf-with-dsym";
				ENABLE_NS_ASSERTIONS = NO;
				ENABLE_STRICT_OBJC_MSGSEND = YES;
				GCC_C_LANGUAGE_STANDARD = gnu99;
				GCC_NO_COMMON_BLOCKS = YES;
				GCC_WARN_64_TO_32_BIT_CONVERSION = YES;
				GCC_WARN_ABOUT_RETURN_TYPE = YES_ERROR;
				GCC_WARN_UNDECLARED_SELECTOR = YES;
				GCC_WARN_UNINITIALIZED_AUTOS = YES_AGGRESSIVE;
				GCC_WARN_UNUSED_FUNCTION = YES;
				GCC_WARN_UNUSED_VARIABLE = YES;
				MACOSX_DEPLOYMENT_TARGET = 10.12;
				MTL_ENABLE_DEBUG_INFO = NO;
				SDKROOT = macosx;
				SWIFT_OPTIMIZATION_LEVEL = "-Owholemodule";
				VERSIONING_SYSTEM = "apple-generic";
				VERSION_INFO_PREFIX = "";
			};
			name = Release;
		};
		E893A4831E19A4DA0050638A /* Debug */ = {
			isa = XCBuildConfiguration;
			buildSettings = {
				CLANG_ENABLE_MODULES = YES;
				CODE_SIGN_IDENTITY = "";
				COMBINE_HIDPI_IMAGES = YES;
				DEFINES_MODULE = YES;
				DYLIB_COMPATIBILITY_VERSION = 1;
				DYLIB_CURRENT_VERSION = 1;
				DYLIB_INSTALL_NAME_BASE = "@rpath";
				FRAMEWORK_SEARCH_PATHS = (
					"$(inherited)",
					"$(PROJECT_DIR)/Carthage/Build/Mac",
					"$(PROJECT_DIR)/Carthage/Build/iOS",
				);
				FRAMEWORK_VERSION = A;
				INFOPLIST_FILE = MockSix/Info.plist;
				INSTALL_PATH = "$(LOCAL_LIBRARY_DIR)/Frameworks";
				LD_RUNPATH_SEARCH_PATHS = "$(inherited) @executable_path/../Frameworks @loader_path/Frameworks";
				MACOSX_DEPLOYMENT_TARGET = 10.10;
				PRODUCT_BUNDLE_IDENTIFIER = me.cocoagrinder.MockSix;
				PRODUCT_NAME = MockSix;
				SKIP_INSTALL = YES;
				SWIFT_OPTIMIZATION_LEVEL = "-Onone";
				SWIFT_VERSION = 3.0;
			};
			name = Debug;
		};
		E893A4841E19A4DA0050638A /* Release */ = {
			isa = XCBuildConfiguration;
			buildSettings = {
				CLANG_ENABLE_MODULES = YES;
				CODE_SIGN_IDENTITY = "";
				COMBINE_HIDPI_IMAGES = YES;
				DEFINES_MODULE = YES;
				DYLIB_COMPATIBILITY_VERSION = 1;
				DYLIB_CURRENT_VERSION = 1;
				DYLIB_INSTALL_NAME_BASE = "@rpath";
				FRAMEWORK_SEARCH_PATHS = (
					"$(inherited)",
					"$(PROJECT_DIR)/Carthage/Build/Mac",
					"$(PROJECT_DIR)/Carthage/Build/iOS",
				);
				FRAMEWORK_VERSION = A;
				INFOPLIST_FILE = MockSix/Info.plist;
				INSTALL_PATH = "$(LOCAL_LIBRARY_DIR)/Frameworks";
				LD_RUNPATH_SEARCH_PATHS = "$(inherited) @executable_path/../Frameworks @loader_path/Frameworks";
				MACOSX_DEPLOYMENT_TARGET = 10.10;
				PRODUCT_BUNDLE_IDENTIFIER = me.cocoagrinder.MockSix;
				PRODUCT_NAME = MockSix;
				SKIP_INSTALL = YES;
				SWIFT_VERSION = 3.0;
			};
			name = Release;
		};
		E893A4941E19AD130050638A /* Debug */ = {
			isa = XCBuildConfiguration;
			buildSettings = {
				CODE_SIGN_IDENTITY = "";
				"CODE_SIGN_IDENTITY[sdk=iphoneos*]" = "iPhone Developer";
				DEFINES_MODULE = YES;
				DYLIB_COMPATIBILITY_VERSION = 1;
				DYLIB_CURRENT_VERSION = 1;
				DYLIB_INSTALL_NAME_BASE = "@rpath";
				FRAMEWORK_SEARCH_PATHS = (
					"$(inherited)",
					"$(PROJECT_DIR)/Carthage/Build/iOS",
				);
				INFOPLIST_FILE = MockSix/Info.plist;
				INSTALL_PATH = "$(LOCAL_LIBRARY_DIR)/Frameworks";
				IPHONEOS_DEPLOYMENT_TARGET = 8.4;
				LD_RUNPATH_SEARCH_PATHS = "$(inherited) @executable_path/Frameworks @loader_path/Frameworks";
				PRODUCT_BUNDLE_IDENTIFIER = me.cocoagrinder.MockSix;
				PRODUCT_NAME = MockSix;
				SDKROOT = iphoneos;
				SKIP_INSTALL = YES;
				SWIFT_VERSION = 3.0;
				TARGETED_DEVICE_FAMILY = "1,2";
			};
			name = Debug;
		};
		E893A4951E19AD130050638A /* Release */ = {
			isa = XCBuildConfiguration;
			buildSettings = {
				CODE_SIGN_IDENTITY = "";
				"CODE_SIGN_IDENTITY[sdk=iphoneos*]" = "iPhone Developer";
				DEFINES_MODULE = YES;
				DYLIB_COMPATIBILITY_VERSION = 1;
				DYLIB_CURRENT_VERSION = 1;
				DYLIB_INSTALL_NAME_BASE = "@rpath";
				FRAMEWORK_SEARCH_PATHS = (
					"$(inherited)",
					"$(PROJECT_DIR)/Carthage/Build/iOS",
				);
				INFOPLIST_FILE = MockSix/Info.plist;
				INSTALL_PATH = "$(LOCAL_LIBRARY_DIR)/Frameworks";
				IPHONEOS_DEPLOYMENT_TARGET = 8.4;
				LD_RUNPATH_SEARCH_PATHS = "$(inherited) @executable_path/Frameworks @loader_path/Frameworks";
				PRODUCT_BUNDLE_IDENTIFIER = me.cocoagrinder.MockSix;
				PRODUCT_NAME = MockSix;
				SDKROOT = iphoneos;
				SKIP_INSTALL = YES;
				SWIFT_VERSION = 3.0;
				TARGETED_DEVICE_FAMILY = "1,2";
				VALIDATE_PRODUCT = YES;
			};
			name = Release;
		};
		E893A4A11E19ADBB0050638A /* Debug */ = {
			isa = XCBuildConfiguration;
			buildSettings = {
				CODE_SIGN_IDENTITY = "";
				DEFINES_MODULE = YES;
				DYLIB_COMPATIBILITY_VERSION = 1;
				DYLIB_CURRENT_VERSION = 1;
				DYLIB_INSTALL_NAME_BASE = "@rpath";
				FRAMEWORK_SEARCH_PATHS = (
					"$(inherited)",
					"$(PROJECT_DIR)/Carthage/Build/tvOS",
				);
				INFOPLIST_FILE = MockSix/Info.plist;
				INSTALL_PATH = "$(LOCAL_LIBRARY_DIR)/Frameworks";
				LD_RUNPATH_SEARCH_PATHS = "$(inherited) @executable_path/Frameworks @loader_path/Frameworks";
				PRODUCT_BUNDLE_IDENTIFIER = me.cocoagrinder.MockSix;
				PRODUCT_NAME = MockSix;
				SDKROOT = appletvos;
				SKIP_INSTALL = YES;
				SWIFT_VERSION = 3.0;
				TARGETED_DEVICE_FAMILY = 3;
				TVOS_DEPLOYMENT_TARGET = 9.2;
			};
			name = Debug;
		};
		E893A4A21E19ADBB0050638A /* Release */ = {
			isa = XCBuildConfiguration;
			buildSettings = {
				CODE_SIGN_IDENTITY = "";
				DEFINES_MODULE = YES;
				DYLIB_COMPATIBILITY_VERSION = 1;
				DYLIB_CURRENT_VERSION = 1;
				DYLIB_INSTALL_NAME_BASE = "@rpath";
				FRAMEWORK_SEARCH_PATHS = (
					"$(inherited)",
					"$(PROJECT_DIR)/Carthage/Build/tvOS",
				);
				INFOPLIST_FILE = MockSix/Info.plist;
				INSTALL_PATH = "$(LOCAL_LIBRARY_DIR)/Frameworks";
				LD_RUNPATH_SEARCH_PATHS = "$(inherited) @executable_path/Frameworks @loader_path/Frameworks";
				PRODUCT_BUNDLE_IDENTIFIER = me.cocoagrinder.MockSix;
				PRODUCT_NAME = MockSix;
				SDKROOT = appletvos;
				SKIP_INSTALL = YES;
				SWIFT_VERSION = 3.0;
				TARGETED_DEVICE_FAMILY = 3;
				TVOS_DEPLOYMENT_TARGET = 9.2;
				VALIDATE_PRODUCT = YES;
			};
			name = Release;
		};
		E8B2BE241E1C4FAD0054760A /* Debug */ = {
			isa = XCBuildConfiguration;
			buildSettings = {
				COMBINE_HIDPI_IMAGES = YES;
				FRAMEWORK_SEARCH_PATHS = (
					"$(inherited)",
					"$(PROJECT_DIR)/Carthage/Build/Mac",
				);
				INFOPLIST_FILE = MockSixTests/Info.plist;
				LD_RUNPATH_SEARCH_PATHS = "$(inherited) @executable_path/../Frameworks @loader_path/../Frameworks";
				PRODUCT_BUNDLE_IDENTIFIER = me.cocoagrinder.MockSixTests;
				PRODUCT_NAME = "$(TARGET_NAME)";
				SWIFT_VERSION = 3.0;
			};
			name = Debug;
		};
		E8B2BE251E1C4FAD0054760A /* Release */ = {
			isa = XCBuildConfiguration;
			buildSettings = {
				COMBINE_HIDPI_IMAGES = YES;
				FRAMEWORK_SEARCH_PATHS = (
					"$(inherited)",
					"$(PROJECT_DIR)/Carthage/Build/Mac",
				);
				INFOPLIST_FILE = MockSixTests/Info.plist;
				LD_RUNPATH_SEARCH_PATHS = "$(inherited) @executable_path/../Frameworks @loader_path/../Frameworks";
				PRODUCT_BUNDLE_IDENTIFIER = me.cocoagrinder.MockSixTests;
				PRODUCT_NAME = "$(TARGET_NAME)";
				SWIFT_VERSION = 3.0;
			};
			name = Release;
		};
		E8B2BE341E1C50870054760A /* Debug */ = {
			isa = XCBuildConfiguration;
			buildSettings = {
				"CODE_SIGN_IDENTITY[sdk=iphoneos*]" = "iPhone Developer";
				FRAMEWORK_SEARCH_PATHS = (
					"$(inherited)",
					"$(PROJECT_DIR)/Carthage/Build/iOS",
				);
				INFOPLIST_FILE = MockSixTests/Info.plist;
				IPHONEOS_DEPLOYMENT_TARGET = 10.2;
				LD_RUNPATH_SEARCH_PATHS = "$(inherited) @executable_path/Frameworks @loader_path/Frameworks";
				PRODUCT_BUNDLE_IDENTIFIER = "me.cocoagrinder.MockSixTests-iOS";
				PRODUCT_NAME = "$(TARGET_NAME)";
				SDKROOT = iphoneos;
				SWIFT_VERSION = 3.0;
			};
			name = Debug;
		};
		E8B2BE351E1C50870054760A /* Release */ = {
			isa = XCBuildConfiguration;
			buildSettings = {
				"CODE_SIGN_IDENTITY[sdk=iphoneos*]" = "iPhone Developer";
				FRAMEWORK_SEARCH_PATHS = (
					"$(inherited)",
					"$(PROJECT_DIR)/Carthage/Build/iOS",
				);
				INFOPLIST_FILE = MockSixTests/Info.plist;
				IPHONEOS_DEPLOYMENT_TARGET = 10.2;
				LD_RUNPATH_SEARCH_PATHS = "$(inherited) @executable_path/Frameworks @loader_path/Frameworks";
				PRODUCT_BUNDLE_IDENTIFIER = "me.cocoagrinder.MockSixTests-iOS";
				PRODUCT_NAME = "$(TARGET_NAME)";
				SDKROOT = iphoneos;
				SWIFT_VERSION = 3.0;
				VALIDATE_PRODUCT = YES;
			};
			name = Release;
		};
		E8B2BE431E1C509A0054760A /* Debug */ = {
			isa = XCBuildConfiguration;
			buildSettings = {
				FRAMEWORK_SEARCH_PATHS = (
					"$(inherited)",
					"$(PROJECT_DIR)/Carthage/Build/tvOS",
				);
				INFOPLIST_FILE = MockSixTests/Info.plist;
				LD_RUNPATH_SEARCH_PATHS = "$(inherited) @executable_path/Frameworks @loader_path/Frameworks";
				PRODUCT_BUNDLE_IDENTIFIER = "me.cocoagrinder.MockSixTests-tvOS";
				PRODUCT_NAME = "$(TARGET_NAME)";
				SDKROOT = appletvos;
				SWIFT_VERSION = 3.0;
				TVOS_DEPLOYMENT_TARGET = 10.1;
			};
			name = Debug;
		};
		E8B2BE441E1C509A0054760A /* Release */ = {
			isa = XCBuildConfiguration;
			buildSettings = {
				FRAMEWORK_SEARCH_PATHS = (
					"$(inherited)",
					"$(PROJECT_DIR)/Carthage/Build/tvOS",
				);
				INFOPLIST_FILE = MockSixTests/Info.plist;
				LD_RUNPATH_SEARCH_PATHS = "$(inherited) @executable_path/Frameworks @loader_path/Frameworks";
				PRODUCT_BUNDLE_IDENTIFIER = "me.cocoagrinder.MockSixTests-tvOS";
				PRODUCT_NAME = "$(TARGET_NAME)";
				SDKROOT = appletvos;
				SWIFT_VERSION = 3.0;
				TVOS_DEPLOYMENT_TARGET = 10.1;
				VALIDATE_PRODUCT = YES;
			};
			name = Release;
		};
/* End XCBuildConfiguration section */

/* Begin XCConfigurationList section */
		E893A4741E19A4DA0050638A /* Build configuration list for PBXProject "MockSix" */ = {
			isa = XCConfigurationList;
			buildConfigurations = (
				E893A4801E19A4DA0050638A /* Debug */,
				E893A4811E19A4DA0050638A /* Release */,
			);
			defaultConfigurationIsVisible = 0;
			defaultConfigurationName = Release;
		};
		E893A4821E19A4DA0050638A /* Build configuration list for PBXNativeTarget "MockSix-macOS" */ = {
			isa = XCConfigurationList;
			buildConfigurations = (
				E893A4831E19A4DA0050638A /* Debug */,
				E893A4841E19A4DA0050638A /* Release */,
			);
			defaultConfigurationIsVisible = 0;
			defaultConfigurationName = Release;
		};
		E893A4931E19AD130050638A /* Build configuration list for PBXNativeTarget "MockSix-iOS" */ = {
			isa = XCConfigurationList;
			buildConfigurations = (
				E893A4941E19AD130050638A /* Debug */,
				E893A4951E19AD130050638A /* Release */,
			);
			defaultConfigurationIsVisible = 0;
			defaultConfigurationName = Release;
		};
		E893A4A01E19ADBB0050638A /* Build configuration list for PBXNativeTarget "MockSix-tvOS" */ = {
			isa = XCConfigurationList;
			buildConfigurations = (
				E893A4A11E19ADBB0050638A /* Debug */,
				E893A4A21E19ADBB0050638A /* Release */,
			);
			defaultConfigurationIsVisible = 0;
			defaultConfigurationName = Release;
		};
		E8B2BE261E1C4FAD0054760A /* Build configuration list for PBXNativeTarget "MockSixTests-macOS" */ = {
			isa = XCConfigurationList;
			buildConfigurations = (
				E8B2BE241E1C4FAD0054760A /* Debug */,
				E8B2BE251E1C4FAD0054760A /* Release */,
			);
			defaultConfigurationIsVisible = 0;
		};
		E8B2BE331E1C50870054760A /* Build configuration list for PBXNativeTarget "MockSixTests-iOS" */ = {
			isa = XCConfigurationList;
			buildConfigurations = (
				E8B2BE341E1C50870054760A /* Debug */,
				E8B2BE351E1C50870054760A /* Release */,
			);
			defaultConfigurationIsVisible = 0;
		};
		E8B2BE421E1C509A0054760A /* Build configuration list for PBXNativeTarget "MockSixTests-tvOS" */ = {
			isa = XCConfigurationList;
			buildConfigurations = (
				E8B2BE431E1C509A0054760A /* Debug */,
				E8B2BE441E1C509A0054760A /* Release */,
			);
			defaultConfigurationIsVisible = 0;
		};
/* End XCConfigurationList section */
	};
	rootObject = E893A4711E19A4DA0050638A /* Project object */;
}
